
Microsoft Visual Studio Solution File, Format Version 12.00
# Visual Studio 15
Project("{FAE04EC0-301F-11D3-BF4B-00C04F79EFBC}") = "SelligentMobileDroid", "SelligentMobileDroid\SelligentMobileDroid.csproj", "{C611F7A9-D473-4946-B5DB-6285AE028901}"
EndProject
Project("{FAE04EC0-301F-11D3-BF4B-00C04F79EFBC}") = "SMXAMDROIDTemplate", "SMXAMDROIDTemplate\SMXAMDROIDTemplate.csproj", "{DD86F249-21BC-4BEB-8150-795C497752BC}"
EndProject
Global
	GlobalSection(SolutionConfigurationPlatforms) = preSolution
		Debug|Any CPU = Debug|Any CPU
		Release|Any CPU = Release|Any CPU
		Debug|iPhoneSimulator = Debug|iPhoneSimulator
		Release|iPhoneSimulator = Release|iPhoneSimulator
		Debug|iPhone = Debug|iPhone
		Release|iPhone = Release|iPhone
	EndGlobalSection
	GlobalSection(ProjectConfigurationPlatforms) = postSolution
		{C611F7A9-D473-4946-B5DB-6285AE028901}.Debug|Any CPU.ActiveCfg = Debug|Any CPU
		{C611F7A9-D473-4946-B5DB-6285AE028901}.Debug|Any CPU.Build.0 = Debug|Any CPU
		{C611F7A9-D473-4946-B5DB-6285AE028901}.Release|Any CPU.ActiveCfg = Release|Any CPU
		{C611F7A9-D473-4946-B5DB-6285AE028901}.Release|Any CPU.Build.0 = Release|Any CPU
		{C611F7A9-D473-4946-B5DB-6285AE028901}.Debug|iPhoneSimulator.ActiveCfg = Debug|Any CPU
		{C611F7A9-D473-4946-B5DB-6285AE028901}.Debug|iPhoneSimulator.Build.0 = Debug|Any CPU
		{C611F7A9-D473-4946-B5DB-6285AE028901}.Release|iPhoneSimulator.ActiveCfg = Release|Any CPU
		{C611F7A9-D473-4946-B5DB-6285AE028901}.Release|iPhoneSimulator.Build.0 = Release|Any CPU
		{C611F7A9-D473-4946-B5DB-6285AE028901}.Debug|iPhone.ActiveCfg = Debug|Any CPU
		{C611F7A9-D473-4946-B5DB-6285AE028901}.Debug|iPhone.Build.0 = Debug|Any CPU
		{C611F7A9-D473-4946-B5DB-6285AE028901}.Release|iPhone.ActiveCfg = Release|Any CPU
		{C611F7A9-D473-4946-B5DB-6285AE028901}.Release|iPhone.Build.0 = Release|Any CPU
		{DD86F249-21BC-4BEB-8150-795C497752BC}.Debug|Any CPU.ActiveCfg = Debug|Any CPU
		{DD86F249-21BC-4BEB-8150-795C497752BC}.Debug|Any CPU.Build.0 = Debug|Any CPU
		{DD86F249-21BC-4BEB-8150-795C497752BC}.Release|Any CPU.ActiveCfg = Release|Any CPU
		{DD86F249-21BC-4BEB-8150-795C497752BC}.Release|Any CPU.Build.0 = Release|Any CPU
		{DD86F249-21BC-4BEB-8150-795C497752BC}.Debug|iPhoneSimulator.ActiveCfg = Debug|Any CPU
		{DD86F249-21BC-4BEB-8150-795C497752BC}.Debug|iPhoneSimulator.Build.0 = Debug|Any CPU
		{DD86F249-21BC-4BEB-8150-795C497752BC}.Release|iPhoneSimulator.ActiveCfg = Release|Any CPU
		{DD86F249-21BC-4BEB-8150-795C497752BC}.Release|iPhoneSimulator.Build.0 = Release|Any CPU
		{DD86F249-21BC-4BEB-8150-795C497752BC}.Debug|iPhone.ActiveCfg = Debug|Any CPU
		{DD86F249-21BC-4BEB-8150-795C497752BC}.Debug|iPhone.Build.0 = Debug|Any CPU
		{DD86F249-21BC-4BEB-8150-795C497752BC}.Release|iPhone.ActiveCfg = Release|Any CPU
		{DD86F249-21BC-4BEB-8150-795C497752BC}.Release|iPhone.Build.0 = Release|Any CPU
	EndGlobalSection
EndGlobal
